# DO NOT EDIT MANUALLY - Managed by Fern Replay
version: "1.0"
generations:
  - commit_sha: 8d036e8edb806a4a2acd3b2a37bf17f9612c9376
    tree_hash: bad5eb2cf77d19523c0f929ad1b0660d1ca45bef
    timestamp: 2026-05-20T09:14:47.431Z
    cli_version: unknown
    generator_versions: {}
  - commit_sha: f944ce10b8d1faa5dc13f1e65e52ed817ede561f
    tree_hash: 18a4253d3c38788853386b3076349fed49afb321
    timestamp: 2026-07-09T09:15:33.361Z
    cli_version: unknown
    generator_versions:
      fernapi/fern-java-sdk: 3.35.2
  - commit_sha: b531cecba08d4a4f204c2cb202516d948774e03b
    tree_hash: 3cc0378b5fbbea49132ad0621c8c9d3406a2f5cf
    timestamp: 2026-07-12T20:25:20.688Z
    cli_version: unknown
    generator_versions:
      fernapi/fern-java-sdk: 3.35.2
  - commit_sha: 2ebf2667afbb3f1dc2c06d9fa52084570b4b8fa5
    tree_hash: ab3d7bc1cdfaef74e33e349e5209322b36185751
    timestamp: 2026-07-13T07:18:00.332Z
    cli_version: unknown
    generator_versions:
      fernapi/fern-java-sdk: 3.35.2
  - commit_sha: 1301dd3a3e6d3ff4abb5c5bb2e72335331c1b82f
    tree_hash: 3795d1c1616323133d7891c542e5db237b213f9b
    timestamp: 2026-07-15T08:24:40.104Z
    cli_version: unknown
    generator_versions:
      fernapi/fern-java-sdk: 3.35.2
  - commit_sha: f10f896a06d02ace6ac1ccbe9b35087807bdee3e
    tree_hash: 3ca66867ba9b6460060a6dc94ffa70c241ceeb1f
    timestamp: 2026-07-20T11:13:32.100Z
    cli_version: unknown
    generator_versions:
      fernapi/fern-java-sdk: 3.35.2
  - commit_sha: b9e7a05b20178d48eaf584978a933fd510fad329
    tree_hash: 3d3e1e661c41e0e18aa2cfc0d89fc75a185127ba
    timestamp: 2026-07-20T16:14:47.634Z
    cli_version: unknown
    generator_versions:
      fernapi/fern-java-sdk: 3.35.2
  - commit_sha: 3120a1e484840aa374b59989aa24ea7b3bfc7175
    tree_hash: 28f80b484283231e78328289842404ec442aa2e5
    timestamp: 2026-07-22T08:00:49.551Z
    cli_version: unknown
    generator_versions:
      fernapi/fern-java-sdk: 3.35.2
  - commit_sha: d86c3dd745026911b0e56914421838d33040cd3f
    tree_hash: c8d06b6b73c5641023f7fae8bccc262c972bcdd1
    timestamp: 2026-07-23T10:06:47.398Z
    cli_version: unknown
    generator_versions:
      fernapi/fern-java-sdk: 3.35.2
  - commit_sha: 3ffba5d690a61c07b8658c36166abe31cee7fc7a
    tree_hash: 26758b5b4c9cb83e891409714917cbd4a4fe2b47
    timestamp: 2026-07-23T14:38:52.478Z
    cli_version: unknown
    generator_versions:
      fernapi/fern-java-sdk: 3.35.2
  - commit_sha: 885066d0f9d7cc4f0e16ca10cf1ed110eac9c103
    tree_hash: 5923ec8306941ffa93cf77a8818e64571b2f06b4
    timestamp: 2026-07-24T08:11:05.018Z
    cli_version: unknown
    generator_versions:
      fernapi/fern-java-sdk: 3.35.2
  - commit_sha: 8f3919549c9abc641d48bc22b958778d648c72c5
    tree_hash: 9ece08a94ea3c96a429545fccb3d13266603b296
    timestamp: 2026-07-24T12:29:13.746Z
    cli_version: unknown
    generator_versions:
      fernapi/fern-java-sdk: 3.35.2
  - commit_sha: 9431acf38e0aeeeed9cafa4cec3ff05b7f01db9d
    tree_hash: 7b5ec2527cdfc00341b7f261056b97562fbbac4d
    timestamp: 2026-07-27T08:56:22.127Z
    cli_version: unknown
    generator_versions:
      fernapi/fern-java-sdk: 3.35.2
  - commit_sha: c895086a2adb804fdab1a757c9508ddc0cc38cb3
    tree_hash: 8097b89990cb2d762ad8bdbb227ca8d3f7db90ba
    timestamp: 2026-07-27T13:47:44.591Z
    cli_version: unknown
    generator_versions:
      fernapi/fern-java-sdk: 3.35.2
  - commit_sha: 69932c1fd913fa7b994a23681c28af0e11dc52d6
    tree_hash: fc1fad281ee62518ad258d8b5c1834cfc90bd4a7
    timestamp: 2026-07-28T07:35:55.908Z
    cli_version: unknown
    generator_versions:
      fernapi/fern-java-sdk: 3.35.2
  - commit_sha: 089c4c0931190267b5cf384ee201042462a70dd0
    tree_hash: 6c9a90ba74b2e47170b1094e5ce1a4b4608c5048
    timestamp: 2026-07-28T12:59:10.659Z
    cli_version: unknown
    generator_versions:
      fernapi/fern-java-sdk: 3.35.2
  - commit_sha: e6db0384f09afb4143d3ce2d6eac2eef7d4ff41e
    tree_hash: e5eb4c36a3db4bd22aff393ed5aef3c3bf6949de
    timestamp: 2026-07-29T08:46:28.895Z
    cli_version: unknown
    generator_versions:
      fernapi/fern-java-sdk: 3.35.2
  - commit_sha: 23d083a785d3c693faeca83f5a8d26510e8c7bc2
    tree_hash: a5ec886131880e1cf15ebb0e98f44496fcab05a5
    timestamp: 2026-07-29T09:13:31.878Z
    cli_version: unknown
    generator_versions:
      fernapi/fern-java-sdk: 3.35.2
  - commit_sha: 7feeb7174ae8524b00ba14685e0f0b2f49ffeac8
    tree_hash: 7cb3a9fc81a468471bb1b23cd6b76e2fe3ddfc83
    timestamp: 2026-07-31T10:34:06.193Z
    cli_version: unknown
    generator_versions:
      fernapi/fern-java-sdk: 3.35.2
  - commit_sha: c0b2fd993c1f51bbe1213ea6fadb52105a2b9e2b
    tree_hash: 8c627213326eca3aa31867b42c8b70282ed01b47
    timestamp: 2026-08-03T12:17:28.645Z
    cli_version: unknown
    generator_versions:
      fernapi/fern-java-sdk: 3.35.2
  - commit_sha: 66f985e4389322ba1d651d19c5497a547fff5351
    tree_hash: 62885fc89d2a52dc4cd6845ab3fb579447e8b265
    timestamp: 2026-08-04T10:37:49.658Z
    cli_version: unknown
    generator_versions:
      fernapi/fern-java-sdk: 3.35.2
  - commit_sha: b5da7024fcc0594d1741a602d74e3595c7f706f7
    tree_hash: 1ca5b399b0e52d20d2d9660d231d6ae11902a6c9
    timestamp: 2026-08-04T14:37:42.220Z
    cli_version: unknown
    generator_versions:
      fernapi/fern-java-sdk: 3.35.2
  - commit_sha: 90394f511cd06d0e2837328896c853d31c988189
    tree_hash: 2967cd25b70becd233d2883bca0189aaafbfdbf3
    timestamp: 2026-08-05T08:40:54.651Z
    cli_version: unknown
    generator_versions:
      fernapi/fern-java-sdk: 3.35.2
  - commit_sha: f245545c60b47a9581e2d9ec8275fd9800b9303c
    tree_hash: 5f2a46233796fe65c91908e0c20c9ecc044b3c8c
    timestamp: 2026-08-05T10:46:38.729Z
    cli_version: unknown
    generator_versions:
      fernapi/fern-java-sdk: 3.35.2
  - commit_sha: 55d724962abbcab78fafcffa69de21efd5f5e377
    tree_hash: b66811f51024c3d7b0ad53b06bcb98574e750ba1
    timestamp: 2026-08-06T07:59:59.220Z
    cli_version: unknown
    generator_versions:
      fernapi/fern-java-sdk: 3.35.2
  - commit_sha: 361fb4d5412b08d69da934e973d8154853aa7eb4
    tree_hash: fb2db687ea8e441082608853ab50da2b50364eb5
    timestamp: 2026-08-07T08:39:12.609Z
    cli_version: unknown
    generator_versions:
      fernapi/fern-java-sdk: 3.35.2
  - commit_sha: a76e23f383f451ce9536b51151dc05d94c3ac8ec
    tree_hash: 23d64dd5bf627088c06545df57bcde25703feab1
    timestamp: 2026-08-07T13:21:22.844Z
    cli_version: unknown
    generator_versions:
      fernapi/fern-java-sdk: 3.35.2
  - commit_sha: 2742ae37781fe952b26a2f1fb7c1f6a82154dbab
    tree_hash: bdcadd9160d1d62b9352d4ae34e7a711c58500c2
    timestamp: 2026-08-10T11:57:36.235Z
    cli_version: unknown
    generator_versions:
      fernapi/fern-java-sdk: 3.35.2
current_generation: 2742ae37781fe952b26a2f1fb7c1f6a82154dbab
patches: []
