# DO NOT EDIT MANUALLY - Managed by Fern Replay
version: "1.0"
generations:
  - commit_sha: 8d036e8edb806a4a2acd3b2a37bf17f9612c9376
    tree_hash: bad5eb2cf77d19523c0f929ad1b0660d1ca45bef
    timestamp: 2026-05-20T09:14:47.431Z
    cli_version: unknown
    generator_versions: {}
  - commit_sha: f944ce10b8d1faa5dc13f1e65e52ed817ede561f
    tree_hash: 18a4253d3c38788853386b3076349fed49afb321
    timestamp: 2026-07-09T09:15:33.361Z
    cli_version: unknown
    generator_versions:
      fernapi/fern-java-sdk: 3.35.2
  - commit_sha: b531cecba08d4a4f204c2cb202516d948774e03b
    tree_hash: 3cc0378b5fbbea49132ad0621c8c9d3406a2f5cf
    timestamp: 2026-07-12T20:25:20.688Z
    cli_version: unknown
    generator_versions:
      fernapi/fern-java-sdk: 3.35.2
  - commit_sha: 2ebf2667afbb3f1dc2c06d9fa52084570b4b8fa5
    tree_hash: ab3d7bc1cdfaef74e33e349e5209322b36185751
    timestamp: 2026-07-13T07:18:00.332Z
    cli_version: unknown
    generator_versions:
      fernapi/fern-java-sdk: 3.35.2
current_generation: 2ebf2667afbb3f1dc2c06d9fa52084570b4b8fa5
patches: []
